
Microsoft Visual Studio Solution File, Format Version 12.00
# Visual Studio Version 17
VisualStudioVersion = 17.4.33213.308
MinimumVisualStudioVersion = 10.0.40219.1
Project("{FAE04EC0-301F-11D3-BF4B-00C04F79EFBC}") = "IWantApp.API", "IWantApp.API.csproj", "{FF820116-291F-4CD5-998A-86FDBA4D353D}"
EndProject
Project("{2150E333-8FDC-42A3-9474-1A3956D46DE8}") = "src", "src", "{B759CECC-6575-48C3-B0C5-A4A90F67D133}"
EndProject
Global
	GlobalSection(SolutionConfigurationPlatforms) = preSolution
		Debug|Any CPU = Debug|Any CPU
		Release|Any CPU = Release|Any CPU
	EndGlobalSection
	GlobalSection(ProjectConfigurationPlatforms) = postSolution
		{FF820116-291F-4CD5-998A-86FDBA4D353D}.Debug|Any CPU.ActiveCfg = Debug|Any CPU
		{FF820116-291F-4CD5-998A-86FDBA4D353D}.Debug|Any CPU.Build.0 = Debug|Any CPU
		{FF820116-291F-4CD5-998A-86FDBA4D353D}.Release|Any CPU.ActiveCfg = Release|Any CPU
		{FF820116-291F-4CD5-998A-86FDBA4D353D}.Release|Any CPU.Build.0 = Release|Any CPU
	EndGlobalSection
	GlobalSection(SolutionProperties) = preSolution
		HideSolutionNode = FALSE
	EndGlobalSection
	GlobalSection(NestedProjects) = preSolution
		{FF820116-291F-4CD5-998A-86FDBA4D353D} = {B759CECC-6575-48C3-B0C5-A4A90F67D133}
	EndGlobalSection
	GlobalSection(ExtensibilityGlobals) = postSolution
		SolutionGuid = {103993AC-73C5-4AB7-B38B-5F79EA09AB10}
	EndGlobalSection
EndGlobal
